
Microsoft Visual Studio Solution File, Format Version 12.00
# Visual Studio Version 17
VisualStudioVersion = 17.0.31903.59
MinimumVisualStudioVersion = 10.0.40219.1
Project("{2150E333-8FDC-42A3-9474-1A3956D46DE8}") = "src", "src", "{827E0CD3-B72D-47B6-A68D-7590B98EB39B}"
EndProject
Project("{FAE04EC0-301F-11D3-BF4B-00C04F79EFBC}") = "KSFramework", "src\KSFramework\KSFramework.csproj", "{B335BD79-05C0-4F0E-A2DA-FC72DF07A18C}"
EndProject
Project("{2150E333-8FDC-42A3-9474-1A3956D46DE8}") = "Samples", "Samples", "{5D20AA90-6969-D8BD-9DCD-8634F4692FDA}"
EndProject
Project("{2150E333-8FDC-42A3-9474-1A3956D46DE8}") = "MediatorSampleApp", "MediatorSampleApp", "{B36C9166-6687-1700-0084-D88BD073518A}"
EndProject
Project("{FAE04EC0-301F-11D3-BF4B-00C04F79EFBC}") = "Mediator", "Samples\MediatorSampleApp\Mediator.csproj", "{D849CD75-73AE-4F1A-80EA-0FC596C80723}"
EndProject
Project("{2150E333-8FDC-42A3-9474-1A3956D46DE8}") = "tests", "tests", "{0AB3BF05-4346-4AA6-1389-037BE0695223}"
EndProject
Project("{2150E333-8FDC-42A3-9474-1A3956D46DE8}") = "KSFramework", "KSFramework", "{6F746C7E-99E8-D040-B792-CDA2514E83CE}"
EndProject
Project("{FAE04EC0-301F-11D3-BF4B-00C04F79EFBC}") = "KSFramework.UnitTests", "tests\KSFramework\KSFramework.UnitTests\KSFramework.UnitTests.csproj", "{48D1B7B2-D99B-4554-BBFB-95E75720B8E5}"
EndProject
Project("{FAE04EC0-301F-11D3-BF4B-00C04F79EFBC}") = "KSFramework.IntegrationTests", "tests\KSFramework\KSFramework.IntegrationTests\KSFramework.IntegrationTests.csproj", "{C990672B-5ECD-4123-AF33-1F5CE23318E9}"
EndProject
Project("{2150E333-8FDC-42A3-9474-1A3956D46DE8}") = "BlogApp", "BlogApp", "{DD70F02F-714E-4A29-9588-D7BA800E9790}"
EndProject
Project("{FAE04EC0-301F-11D3-BF4B-00C04F79EFBC}") = "Project.Common", "Samples\BlogApp\Project.Common\Project.Common.csproj", "{90969277-3688-4FFF-B8A1-6FF6550F5C30}"
EndProject
Project("{FAE04EC0-301F-11D3-BF4B-00C04F79EFBC}") = "Project.Domain", "Samples\BlogApp\Project.Domain\Project.Domain.csproj", "{FFDAFEB1-EE22-4E77-9AD3-47C66106AC13}"
EndProject
Project("{FAE04EC0-301F-11D3-BF4B-00C04F79EFBC}") = "Project.Infrastructure", "Samples\BlogApp\Project.Infrastructure\Project.Infrastructure.csproj", "{99E04439-2ED6-46CB-9EF0-0461B1A0C92D}"
EndProject
Project("{FAE04EC0-301F-11D3-BF4B-00C04F79EFBC}") = "Project.Application", "Samples\BlogApp\Project.Application\Project.Application.csproj", "{FC95DCAE-4498-4E09-9E0F-47352D61F159}"
EndProject
Project("{FAE04EC0-301F-11D3-BF4B-00C04F79EFBC}") = "Project.Presentation", "Samples\BlogApp\Project.Presentation\Project.Presentation.csproj", "{AA9078CC-722C-4418-8238-07CADF6E42F5}"
EndProject
Project("{FAE04EC0-301F-11D3-BF4B-00C04F79EFBC}") = "Project.ClientApp", "Samples\BlogApp\Project.ClientApp\Project.ClientApp.csproj", "{59581660-C406-486E-9921-BF9103661A6C}"
EndProject
Project("{FAE04EC0-301F-11D3-BF4B-00C04F79EFBC}") = "Project.WebApi", "Samples\BlogApp\Project.WebApi\Project.WebApi.csproj", "{754CFD8D-46B4-4BDD-B304-2DF8B5E280F5}"
EndProject
Global
	GlobalSection(SolutionConfigurationPlatforms) = preSolution
		Debug|Any CPU = Debug|Any CPU
		Debug|x64 = Debug|x64
		Debug|x86 = Debug|x86
		Release|Any CPU = Release|Any CPU
		Release|x64 = Release|x64
		Release|x86 = Release|x86
	EndGlobalSection
	GlobalSection(ProjectConfigurationPlatforms) = postSolution
		{B335BD79-05C0-4F0E-A2DA-FC72DF07A18C}.Debug|Any CPU.ActiveCfg = Debug|Any CPU
		{B335BD79-05C0-4F0E-A2DA-FC72DF07A18C}.Debug|Any CPU.Build.0 = Debug|Any CPU
		{B335BD79-05C0-4F0E-A2DA-FC72DF07A18C}.Debug|x64.ActiveCfg = Debug|Any CPU
		{B335BD79-05C0-4F0E-A2DA-FC72DF07A18C}.Debug|x64.Build.0 = Debug|Any CPU
		{B335BD79-05C0-4F0E-A2DA-FC72DF07A18C}.Debug|x86.ActiveCfg = Debug|Any CPU
		{B335BD79-05C0-4F0E-A2DA-FC72DF07A18C}.Debug|x86.Build.0 = Debug|Any CPU
		{B335BD79-05C0-4F0E-A2DA-FC72DF07A18C}.Release|Any CPU.ActiveCfg = Release|Any CPU
		{B335BD79-05C0-4F0E-A2DA-FC72DF07A18C}.Release|Any CPU.Build.0 = Release|Any CPU
		{B335BD79-05C0-4F0E-A2DA-FC72DF07A18C}.Release|x64.ActiveCfg = Release|Any CPU
		{B335BD79-05C0-4F0E-A2DA-FC72DF07A18C}.Release|x64.Build.0 = Release|Any CPU
		{B335BD79-05C0-4F0E-A2DA-FC72DF07A18C}.Release|x86.ActiveCfg = Release|Any CPU
		{B335BD79-05C0-4F0E-A2DA-FC72DF07A18C}.Release|x86.Build.0 = Release|Any CPU
		{D849CD75-73AE-4F1A-80EA-0FC596C80723}.Debug|Any CPU.ActiveCfg = Debug|Any CPU
		{D849CD75-73AE-4F1A-80EA-0FC596C80723}.Debug|Any CPU.Build.0 = Debug|Any CPU
		{D849CD75-73AE-4F1A-80EA-0FC596C80723}.Debug|x64.ActiveCfg = Debug|Any CPU
		{D849CD75-73AE-4F1A-80EA-0FC596C80723}.Debug|x64.Build.0 = Debug|Any CPU
		{D849CD75-73AE-4F1A-80EA-0FC596C80723}.Debug|x86.ActiveCfg = Debug|Any CPU
		{D849CD75-73AE-4F1A-80EA-0FC596C80723}.Debug|x86.Build.0 = Debug|Any CPU
		{D849CD75-73AE-4F1A-80EA-0FC596C80723}.Release|Any CPU.ActiveCfg = Release|Any CPU
		{D849CD75-73AE-4F1A-80EA-0FC596C80723}.Release|Any CPU.Build.0 = Release|Any CPU
		{D849CD75-73AE-4F1A-80EA-0FC596C80723}.Release|x64.ActiveCfg = Release|Any CPU
		{D849CD75-73AE-4F1A-80EA-0FC596C80723}.Release|x64.Build.0 = Release|Any CPU
		{D849CD75-73AE-4F1A-80EA-0FC596C80723}.Release|x86.ActiveCfg = Release|Any CPU
		{D849CD75-73AE-4F1A-80EA-0FC596C80723}.Release|x86.Build.0 = Release|Any CPU
		{48D1B7B2-D99B-4554-BBFB-95E75720B8E5}.Debug|Any CPU.ActiveCfg = Debug|Any CPU
		{48D1B7B2-D99B-4554-BBFB-95E75720B8E5}.Debug|Any CPU.Build.0 = Debug|Any CPU
		{48D1B7B2-D99B-4554-BBFB-95E75720B8E5}.Debug|x64.ActiveCfg = Debug|Any CPU
		{48D1B7B2-D99B-4554-BBFB-95E75720B8E5}.Debug|x64.Build.0 = Debug|Any CPU
		{48D1B7B2-D99B-4554-BBFB-95E75720B8E5}.Debug|x86.ActiveCfg = Debug|Any CPU
		{48D1B7B2-D99B-4554-BBFB-95E75720B8E5}.Debug|x86.Build.0 = Debug|Any CPU
		{48D1B7B2-D99B-4554-BBFB-95E75720B8E5}.Release|Any CPU.ActiveCfg = Release|Any CPU
		{48D1B7B2-D99B-4554-BBFB-95E75720B8E5}.Release|Any CPU.Build.0 = Release|Any CPU
		{48D1B7B2-D99B-4554-BBFB-95E75720B8E5}.Release|x64.ActiveCfg = Release|Any CPU
		{48D1B7B2-D99B-4554-BBFB-95E75720B8E5}.Release|x64.Build.0 = Release|Any CPU
		{48D1B7B2-D99B-4554-BBFB-95E75720B8E5}.Release|x86.ActiveCfg = Release|Any CPU
		{48D1B7B2-D99B-4554-BBFB-95E75720B8E5}.Release|x86.Build.0 = Release|Any CPU
		{C990672B-5ECD-4123-AF33-1F5CE23318E9}.Debug|Any CPU.ActiveCfg = Debug|Any CPU
		{C990672B-5ECD-4123-AF33-1F5CE23318E9}.Debug|Any CPU.Build.0 = Debug|Any CPU
		{C990672B-5ECD-4123-AF33-1F5CE23318E9}.Debug|x64.ActiveCfg = Debug|Any CPU
		{C990672B-5ECD-4123-AF33-1F5CE23318E9}.Debug|x64.Build.0 = Debug|Any CPU
		{C990672B-5ECD-4123-AF33-1F5CE23318E9}.Debug|x86.ActiveCfg = Debug|Any CPU
		{C990672B-5ECD-4123-AF33-1F5CE23318E9}.Debug|x86.Build.0 = Debug|Any CPU
		{C990672B-5ECD-4123-AF33-1F5CE23318E9}.Release|Any CPU.ActiveCfg = Release|Any CPU
		{C990672B-5ECD-4123-AF33-1F5CE23318E9}.Release|Any CPU.Build.0 = Release|Any CPU
		{C990672B-5ECD-4123-AF33-1F5CE23318E9}.Release|x64.ActiveCfg = Release|Any CPU
		{C990672B-5ECD-4123-AF33-1F5CE23318E9}.Release|x64.Build.0 = Release|Any CPU
		{C990672B-5ECD-4123-AF33-1F5CE23318E9}.Release|x86.ActiveCfg = Release|Any CPU
		{C990672B-5ECD-4123-AF33-1F5CE23318E9}.Release|x86.Build.0 = Release|Any CPU
		{90969277-3688-4FFF-B8A1-6FF6550F5C30}.Debug|Any CPU.ActiveCfg = Debug|Any CPU
		{90969277-3688-4FFF-B8A1-6FF6550F5C30}.Debug|Any CPU.Build.0 = Debug|Any CPU
		{90969277-3688-4FFF-B8A1-6FF6550F5C30}.Debug|x64.ActiveCfg = Debug|Any CPU
		{90969277-3688-4FFF-B8A1-6FF6550F5C30}.Debug|x64.Build.0 = Debug|Any CPU
		{90969277-3688-4FFF-B8A1-6FF6550F5C30}.Debug|x86.ActiveCfg = Debug|Any CPU
		{90969277-3688-4FFF-B8A1-6FF6550F5C30}.Debug|x86.Build.0 = Debug|Any CPU
		{90969277-3688-4FFF-B8A1-6FF6550F5C30}.Release|Any CPU.ActiveCfg = Release|Any CPU
		{90969277-3688-4FFF-B8A1-6FF6550F5C30}.Release|Any CPU.Build.0 = Release|Any CPU
		{90969277-3688-4FFF-B8A1-6FF6550F5C30}.Release|x64.ActiveCfg = Release|Any CPU
		{90969277-3688-4FFF-B8A1-6FF6550F5C30}.Release|x64.Build.0 = Release|Any CPU
		{90969277-3688-4FFF-B8A1-6FF6550F5C30}.Release|x86.ActiveCfg = Release|Any CPU
		{90969277-3688-4FFF-B8A1-6FF6550F5C30}.Release|x86.Build.0 = Release|Any CPU
		{FFDAFEB1-EE22-4E77-9AD3-47C66106AC13}.Debug|Any CPU.ActiveCfg = Debug|Any CPU
		{FFDAFEB1-EE22-4E77-9AD3-47C66106AC13}.Debug|Any CPU.Build.0 = Debug|Any CPU
		{FFDAFEB1-EE22-4E77-9AD3-47C66106AC13}.Debug|x64.ActiveCfg = Debug|Any CPU
		{FFDAFEB1-EE22-4E77-9AD3-47C66106AC13}.Debug|x64.Build.0 = Debug|Any CPU
		{FFDAFEB1-EE22-4E77-9AD3-47C66106AC13}.Debug|x86.ActiveCfg = Debug|Any CPU
		{FFDAFEB1-EE22-4E77-9AD3-47C66106AC13}.Debug|x86.Build.0 = Debug|Any CPU
		{FFDAFEB1-EE22-4E77-9AD3-47C66106AC13}.Release|Any CPU.ActiveCfg = Release|Any CPU
		{FFDAFEB1-EE22-4E77-9AD3-47C66106AC13}.Release|Any CPU.Build.0 = Release|Any CPU
		{FFDAFEB1-EE22-4E77-9AD3-47C66106AC13}.Release|x64.ActiveCfg = Release|Any CPU
		{FFDAFEB1-EE22-4E77-9AD3-47C66106AC13}.Release|x64.Build.0 = Release|Any CPU
		{FFDAFEB1-EE22-4E77-9AD3-47C66106AC13}.Release|x86.ActiveCfg = Release|Any CPU
		{FFDAFEB1-EE22-4E77-9AD3-47C66106AC13}.Release|x86.Build.0 = Release|Any CPU
		{99E04439-2ED6-46CB-9EF0-0461B1A0C92D}.Debug|Any CPU.ActiveCfg = Debug|Any CPU
		{99E04439-2ED6-46CB-9EF0-0461B1A0C92D}.Debug|Any CPU.Build.0 = Debug|Any CPU
		{99E04439-2ED6-46CB-9EF0-0461B1A0C92D}.Debug|x64.ActiveCfg = Debug|Any CPU
		{99E04439-2ED6-46CB-9EF0-0461B1A0C92D}.Debug|x64.Build.0 = Debug|Any CPU
		{99E04439-2ED6-46CB-9EF0-0461B1A0C92D}.Debug|x86.ActiveCfg = Debug|Any CPU
		{99E04439-2ED6-46CB-9EF0-0461B1A0C92D}.Debug|x86.Build.0 = Debug|Any CPU
		{99E04439-2ED6-46CB-9EF0-0461B1A0C92D}.Release|Any CPU.ActiveCfg = Release|Any CPU
		{99E04439-2ED6-46CB-9EF0-0461B1A0C92D}.Release|Any CPU.Build.0 = Release|Any CPU
		{99E04439-2ED6-46CB-9EF0-0461B1A0C92D}.Release|x64.ActiveCfg = Release|Any CPU
		{99E04439-2ED6-46CB-9EF0-0461B1A0C92D}.Release|x64.Build.0 = Release|Any CPU
		{99E04439-2ED6-46CB-9EF0-0461B1A0C92D}.Release|x86.ActiveCfg = Release|Any CPU
		{99E04439-2ED6-46CB-9EF0-0461B1A0C92D}.Release|x86.Build.0 = Release|Any CPU
		{FC95DCAE-4498-4E09-9E0F-47352D61F159}.Debug|Any CPU.ActiveCfg = Debug|Any CPU
		{FC95DCAE-4498-4E09-9E0F-47352D61F159}.Debug|Any CPU.Build.0 = Debug|Any CPU
		{FC95DCAE-4498-4E09-9E0F-47352D61F159}.Debug|x64.ActiveCfg = Debug|Any CPU
		{FC95DCAE-4498-4E09-9E0F-47352D61F159}.Debug|x64.Build.0 = Debug|Any CPU
		{FC95DCAE-4498-4E09-9E0F-47352D61F159}.Debug|x86.ActiveCfg = Debug|Any CPU
		{FC95DCAE-4498-4E09-9E0F-47352D61F159}.Debug|x86.Build.0 = Debug|Any CPU
		{FC95DCAE-4498-4E09-9E0F-47352D61F159}.Release|Any CPU.ActiveCfg = Release|Any CPU
		{FC95DCAE-4498-4E09-9E0F-47352D61F159}.Release|Any CPU.Build.0 = Release|Any CPU
		{FC95DCAE-4498-4E09-9E0F-47352D61F159}.Release|x64.ActiveCfg = Release|Any CPU
		{FC95DCAE-4498-4E09-9E0F-47352D61F159}.Release|x64.Build.0 = Release|Any CPU
		{FC95DCAE-4498-4E09-9E0F-47352D61F159}.Release|x86.ActiveCfg = Release|Any CPU
		{FC95DCAE-4498-4E09-9E0F-47352D61F159}.Release|x86.Build.0 = Release|Any CPU
		{AA9078CC-722C-4418-8238-07CADF6E42F5}.Debug|Any CPU.ActiveCfg = Debug|Any CPU
		{AA9078CC-722C-4418-8238-07CADF6E42F5}.Debug|Any CPU.Build.0 = Debug|Any CPU
		{AA9078CC-722C-4418-8238-07CADF6E42F5}.Debug|x64.ActiveCfg = Debug|Any CPU
		{AA9078CC-722C-4418-8238-07CADF6E42F5}.Debug|x64.Build.0 = Debug|Any CPU
		{AA9078CC-722C-4418-8238-07CADF6E42F5}.Debug|x86.ActiveCfg = Debug|Any CPU
		{AA9078CC-722C-4418-8238-07CADF6E42F5}.Debug|x86.Build.0 = Debug|Any CPU
		{AA9078CC-722C-4418-8238-07CADF6E42F5}.Release|Any CPU.ActiveCfg = Release|Any CPU
		{AA9078CC-722C-4418-8238-07CADF6E42F5}.Release|Any CPU.Build.0 = Release|Any CPU
		{AA9078CC-722C-4418-8238-07CADF6E42F5}.Release|x64.ActiveCfg = Release|Any CPU
		{AA9078CC-722C-4418-8238-07CADF6E42F5}.Release|x64.Build.0 = Release|Any CPU
		{AA9078CC-722C-4418-8238-07CADF6E42F5}.Release|x86.ActiveCfg = Release|Any CPU
		{AA9078CC-722C-4418-8238-07CADF6E42F5}.Release|x86.Build.0 = Release|Any CPU
		{59581660-C406-486E-9921-BF9103661A6C}.Debug|Any CPU.ActiveCfg = Debug|Any CPU
		{59581660-C406-486E-9921-BF9103661A6C}.Debug|Any CPU.Build.0 = Debug|Any CPU
		{59581660-C406-486E-9921-BF9103661A6C}.Debug|x64.ActiveCfg = Debug|Any CPU
		{59581660-C406-486E-9921-BF9103661A6C}.Debug|x64.Build.0 = Debug|Any CPU
		{59581660-C406-486E-9921-BF9103661A6C}.Debug|x86.ActiveCfg = Debug|Any CPU
		{59581660-C406-486E-9921-BF9103661A6C}.Debug|x86.Build.0 = Debug|Any CPU
		{59581660-C406-486E-9921-BF9103661A6C}.Release|Any CPU.ActiveCfg = Release|Any CPU
		{59581660-C406-486E-9921-BF9103661A6C}.Release|Any CPU.Build.0 = Release|Any CPU
		{59581660-C406-486E-9921-BF9103661A6C}.Release|x64.ActiveCfg = Release|Any CPU
		{59581660-C406-486E-9921-BF9103661A6C}.Release|x64.Build.0 = Release|Any CPU
		{59581660-C406-486E-9921-BF9103661A6C}.Release|x86.ActiveCfg = Release|Any CPU
		{59581660-C406-486E-9921-BF9103661A6C}.Release|x86.Build.0 = Release|Any CPU
		{754CFD8D-46B4-4BDD-B304-2DF8B5E280F5}.Debug|Any CPU.ActiveCfg = Debug|Any CPU
		{754CFD8D-46B4-4BDD-B304-2DF8B5E280F5}.Debug|Any CPU.Build.0 = Debug|Any CPU
		{754CFD8D-46B4-4BDD-B304-2DF8B5E280F5}.Debug|x64.ActiveCfg = Debug|Any CPU
		{754CFD8D-46B4-4BDD-B304-2DF8B5E280F5}.Debug|x64.Build.0 = Debug|Any CPU
		{754CFD8D-46B4-4BDD-B304-2DF8B5E280F5}.Debug|x86.ActiveCfg = Debug|Any CPU
		{754CFD8D-46B4-4BDD-B304-2DF8B5E280F5}.Debug|x86.Build.0 = Debug|Any CPU
		{754CFD8D-46B4-4BDD-B304-2DF8B5E280F5}.Release|Any CPU.ActiveCfg = Release|Any CPU
		{754CFD8D-46B4-4BDD-B304-2DF8B5E280F5}.Release|Any CPU.Build.0 = Release|Any CPU
		{754CFD8D-46B4-4BDD-B304-2DF8B5E280F5}.Release|x64.ActiveCfg = Release|Any CPU
		{754CFD8D-46B4-4BDD-B304-2DF8B5E280F5}.Release|x64.Build.0 = Release|Any CPU
		{754CFD8D-46B4-4BDD-B304-2DF8B5E280F5}.Release|x86.ActiveCfg = Release|Any CPU
		{754CFD8D-46B4-4BDD-B304-2DF8B5E280F5}.Release|x86.Build.0 = Release|Any CPU
	EndGlobalSection
	GlobalSection(SolutionProperties) = preSolution
		HideSolutionNode = FALSE
	EndGlobalSection
	GlobalSection(NestedProjects) = preSolution
		{B335BD79-05C0-4F0E-A2DA-FC72DF07A18C} = {827E0CD3-B72D-47B6-A68D-7590B98EB39B}
		{B36C9166-6687-1700-0084-D88BD073518A} = {5D20AA90-6969-D8BD-9DCD-8634F4692FDA}
		{D849CD75-73AE-4F1A-80EA-0FC596C80723} = {B36C9166-6687-1700-0084-D88BD073518A}
		{6F746C7E-99E8-D040-B792-CDA2514E83CE} = {0AB3BF05-4346-4AA6-1389-037BE0695223}
		{48D1B7B2-D99B-4554-BBFB-95E75720B8E5} = {6F746C7E-99E8-D040-B792-CDA2514E83CE}
		{C990672B-5ECD-4123-AF33-1F5CE23318E9} = {6F746C7E-99E8-D040-B792-CDA2514E83CE}
		{DD70F02F-714E-4A29-9588-D7BA800E9790} = {5D20AA90-6969-D8BD-9DCD-8634F4692FDA}
		{90969277-3688-4FFF-B8A1-6FF6550F5C30} = {DD70F02F-714E-4A29-9588-D7BA800E9790}
		{FFDAFEB1-EE22-4E77-9AD3-47C66106AC13} = {DD70F02F-714E-4A29-9588-D7BA800E9790}
		{99E04439-2ED6-46CB-9EF0-0461B1A0C92D} = {DD70F02F-714E-4A29-9588-D7BA800E9790}
		{FC95DCAE-4498-4E09-9E0F-47352D61F159} = {DD70F02F-714E-4A29-9588-D7BA800E9790}
		{AA9078CC-722C-4418-8238-07CADF6E42F5} = {DD70F02F-714E-4A29-9588-D7BA800E9790}
		{59581660-C406-486E-9921-BF9103661A6C} = {DD70F02F-714E-4A29-9588-D7BA800E9790}
		{754CFD8D-46B4-4BDD-B304-2DF8B5E280F5} = {DD70F02F-714E-4A29-9588-D7BA800E9790}
	EndGlobalSection
EndGlobal
