
Microsoft Visual Studio Solution File, Format Version 12.00
# Visual Studio Version 17
VisualStudioVersion = 17.0.31903.59
MinimumVisualStudioVersion = 10.0.40219.1
Project("{FAE04EC0-301F-11D3-BF4B-00C04F79EFBC}") = "Project.Application", "Project.Application\Project.Application.csproj", "{101A29BA-F75A-4DF3-A8CD-AE67ACBCE71B}"
EndProject
Project("{FAE04EC0-301F-11D3-BF4B-00C04F79EFBC}") = "Project.Common", "Project.Common\Project.Common.csproj", "{BF19A9EE-F48D-4EA6-B75C-5AC129280E09}"
EndProject
Project("{FAE04EC0-301F-11D3-BF4B-00C04F79EFBC}") = "Project.Domain", "Project.Domain\Project.Domain.csproj", "{84623C8C-A00E-4FA3-8924-24037E6F84A0}"
EndProject
Project("{FAE04EC0-301F-11D3-BF4B-00C04F79EFBC}") = "Project.Infrastructure", "Project.Infrastructure\Project.Infrastructure.csproj", "{772BA906-3496-47D6-94E6-7774A820570F}"
EndProject
Project("{FAE04EC0-301F-11D3-BF4B-00C04F79EFBC}") = "Project.Presentation", "Project.Presentation\Project.Presentation.csproj", "{6011C313-5F2C-4353-A493-A8367417E693}"
EndProject
Project("{FAE04EC0-301F-11D3-BF4B-00C04F79EFBC}") = "Project.WebApi", "Project.WebApi\Project.WebApi.csproj", "{08E36715-A66A-449A-89BD-3F33141E173F}"
EndProject
Project("{FAE04EC0-301F-11D3-BF4B-00C04F79EFBC}") = "Project.ClientApp", "Project.ClientApp\Project.ClientApp.csproj", "{AF0603B8-AE60-4D12-AC4A-195C5C0B912E}"
EndProject
Project("{FAE04EC0-301F-11D3-BF4B-00C04F79EFBC}") = "KSFramework", "..\..\KSFramework\src\KSFramework\KSFramework.csproj", "{4F07B875-BB04-4837-9DB4-0761EF3EF600}"
EndProject
Global
	GlobalSection(SolutionConfigurationPlatforms) = preSolution
		Debug|Any CPU = Debug|Any CPU
		Debug|x64 = Debug|x64
		Debug|x86 = Debug|x86
		Release|Any CPU = Release|Any CPU
		Release|x64 = Release|x64
		Release|x86 = Release|x86
	EndGlobalSection
	GlobalSection(ProjectConfigurationPlatforms) = postSolution
		{101A29BA-F75A-4DF3-A8CD-AE67ACBCE71B}.Debug|Any CPU.ActiveCfg = Debug|Any CPU
		{101A29BA-F75A-4DF3-A8CD-AE67ACBCE71B}.Debug|Any CPU.Build.0 = Debug|Any CPU
		{101A29BA-F75A-4DF3-A8CD-AE67ACBCE71B}.Debug|x64.ActiveCfg = Debug|Any CPU
		{101A29BA-F75A-4DF3-A8CD-AE67ACBCE71B}.Debug|x64.Build.0 = Debug|Any CPU
		{101A29BA-F75A-4DF3-A8CD-AE67ACBCE71B}.Debug|x86.ActiveCfg = Debug|Any CPU
		{101A29BA-F75A-4DF3-A8CD-AE67ACBCE71B}.Debug|x86.Build.0 = Debug|Any CPU
		{101A29BA-F75A-4DF3-A8CD-AE67ACBCE71B}.Release|Any CPU.ActiveCfg = Release|Any CPU
		{101A29BA-F75A-4DF3-A8CD-AE67ACBCE71B}.Release|Any CPU.Build.0 = Release|Any CPU
		{101A29BA-F75A-4DF3-A8CD-AE67ACBCE71B}.Release|x64.ActiveCfg = Release|Any CPU
		{101A29BA-F75A-4DF3-A8CD-AE67ACBCE71B}.Release|x64.Build.0 = Release|Any CPU
		{101A29BA-F75A-4DF3-A8CD-AE67ACBCE71B}.Release|x86.ActiveCfg = Release|Any CPU
		{101A29BA-F75A-4DF3-A8CD-AE67ACBCE71B}.Release|x86.Build.0 = Release|Any CPU
		{BF19A9EE-F48D-4EA6-B75C-5AC129280E09}.Debug|Any CPU.ActiveCfg = Debug|Any CPU
		{BF19A9EE-F48D-4EA6-B75C-5AC129280E09}.Debug|Any CPU.Build.0 = Debug|Any CPU
		{BF19A9EE-F48D-4EA6-B75C-5AC129280E09}.Debug|x64.ActiveCfg = Debug|Any CPU
		{BF19A9EE-F48D-4EA6-B75C-5AC129280E09}.Debug|x64.Build.0 = Debug|Any CPU
		{BF19A9EE-F48D-4EA6-B75C-5AC129280E09}.Debug|x86.ActiveCfg = Debug|Any CPU
		{BF19A9EE-F48D-4EA6-B75C-5AC129280E09}.Debug|x86.Build.0 = Debug|Any CPU
		{BF19A9EE-F48D-4EA6-B75C-5AC129280E09}.Release|Any CPU.ActiveCfg = Release|Any CPU
		{BF19A9EE-F48D-4EA6-B75C-5AC129280E09}.Release|Any CPU.Build.0 = Release|Any CPU
		{BF19A9EE-F48D-4EA6-B75C-5AC129280E09}.Release|x64.ActiveCfg = Release|Any CPU
		{BF19A9EE-F48D-4EA6-B75C-5AC129280E09}.Release|x64.Build.0 = Release|Any CPU
		{BF19A9EE-F48D-4EA6-B75C-5AC129280E09}.Release|x86.ActiveCfg = Release|Any CPU
		{BF19A9EE-F48D-4EA6-B75C-5AC129280E09}.Release|x86.Build.0 = Release|Any CPU
		{84623C8C-A00E-4FA3-8924-24037E6F84A0}.Debug|Any CPU.ActiveCfg = Debug|Any CPU
		{84623C8C-A00E-4FA3-8924-24037E6F84A0}.Debug|Any CPU.Build.0 = Debug|Any CPU
		{84623C8C-A00E-4FA3-8924-24037E6F84A0}.Debug|x64.ActiveCfg = Debug|Any CPU
		{84623C8C-A00E-4FA3-8924-24037E6F84A0}.Debug|x64.Build.0 = Debug|Any CPU
		{84623C8C-A00E-4FA3-8924-24037E6F84A0}.Debug|x86.ActiveCfg = Debug|Any CPU
		{84623C8C-A00E-4FA3-8924-24037E6F84A0}.Debug|x86.Build.0 = Debug|Any CPU
		{84623C8C-A00E-4FA3-8924-24037E6F84A0}.Release|Any CPU.ActiveCfg = Release|Any CPU
		{84623C8C-A00E-4FA3-8924-24037E6F84A0}.Release|Any CPU.Build.0 = Release|Any CPU
		{84623C8C-A00E-4FA3-8924-24037E6F84A0}.Release|x64.ActiveCfg = Release|Any CPU
		{84623C8C-A00E-4FA3-8924-24037E6F84A0}.Release|x64.Build.0 = Release|Any CPU
		{84623C8C-A00E-4FA3-8924-24037E6F84A0}.Release|x86.ActiveCfg = Release|Any CPU
		{84623C8C-A00E-4FA3-8924-24037E6F84A0}.Release|x86.Build.0 = Release|Any CPU
		{772BA906-3496-47D6-94E6-7774A820570F}.Debug|Any CPU.ActiveCfg = Debug|Any CPU
		{772BA906-3496-47D6-94E6-7774A820570F}.Debug|Any CPU.Build.0 = Debug|Any CPU
		{772BA906-3496-47D6-94E6-7774A820570F}.Debug|x64.ActiveCfg = Debug|Any CPU
		{772BA906-3496-47D6-94E6-7774A820570F}.Debug|x64.Build.0 = Debug|Any CPU
		{772BA906-3496-47D6-94E6-7774A820570F}.Debug|x86.ActiveCfg = Debug|Any CPU
		{772BA906-3496-47D6-94E6-7774A820570F}.Debug|x86.Build.0 = Debug|Any CPU
		{772BA906-3496-47D6-94E6-7774A820570F}.Release|Any CPU.ActiveCfg = Release|Any CPU
		{772BA906-3496-47D6-94E6-7774A820570F}.Release|Any CPU.Build.0 = Release|Any CPU
		{772BA906-3496-47D6-94E6-7774A820570F}.Release|x64.ActiveCfg = Release|Any CPU
		{772BA906-3496-47D6-94E6-7774A820570F}.Release|x64.Build.0 = Release|Any CPU
		{772BA906-3496-47D6-94E6-7774A820570F}.Release|x86.ActiveCfg = Release|Any CPU
		{772BA906-3496-47D6-94E6-7774A820570F}.Release|x86.Build.0 = Release|Any CPU
		{6011C313-5F2C-4353-A493-A8367417E693}.Debug|Any CPU.ActiveCfg = Debug|Any CPU
		{6011C313-5F2C-4353-A493-A8367417E693}.Debug|Any CPU.Build.0 = Debug|Any CPU
		{6011C313-5F2C-4353-A493-A8367417E693}.Debug|x64.ActiveCfg = Debug|Any CPU
		{6011C313-5F2C-4353-A493-A8367417E693}.Debug|x64.Build.0 = Debug|Any CPU
		{6011C313-5F2C-4353-A493-A8367417E693}.Debug|x86.ActiveCfg = Debug|Any CPU
		{6011C313-5F2C-4353-A493-A8367417E693}.Debug|x86.Build.0 = Debug|Any CPU
		{6011C313-5F2C-4353-A493-A8367417E693}.Release|Any CPU.ActiveCfg = Release|Any CPU
		{6011C313-5F2C-4353-A493-A8367417E693}.Release|Any CPU.Build.0 = Release|Any CPU
		{6011C313-5F2C-4353-A493-A8367417E693}.Release|x64.ActiveCfg = Release|Any CPU
		{6011C313-5F2C-4353-A493-A8367417E693}.Release|x64.Build.0 = Release|Any CPU
		{6011C313-5F2C-4353-A493-A8367417E693}.Release|x86.ActiveCfg = Release|Any CPU
		{6011C313-5F2C-4353-A493-A8367417E693}.Release|x86.Build.0 = Release|Any CPU
		{08E36715-A66A-449A-89BD-3F33141E173F}.Debug|Any CPU.ActiveCfg = Debug|Any CPU
		{08E36715-A66A-449A-89BD-3F33141E173F}.Debug|Any CPU.Build.0 = Debug|Any CPU
		{08E36715-A66A-449A-89BD-3F33141E173F}.Debug|x64.ActiveCfg = Debug|Any CPU
		{08E36715-A66A-449A-89BD-3F33141E173F}.Debug|x64.Build.0 = Debug|Any CPU
		{08E36715-A66A-449A-89BD-3F33141E173F}.Debug|x86.ActiveCfg = Debug|Any CPU
		{08E36715-A66A-449A-89BD-3F33141E173F}.Debug|x86.Build.0 = Debug|Any CPU
		{08E36715-A66A-449A-89BD-3F33141E173F}.Release|Any CPU.ActiveCfg = Release|Any CPU
		{08E36715-A66A-449A-89BD-3F33141E173F}.Release|Any CPU.Build.0 = Release|Any CPU
		{08E36715-A66A-449A-89BD-3F33141E173F}.Release|x64.ActiveCfg = Release|Any CPU
		{08E36715-A66A-449A-89BD-3F33141E173F}.Release|x64.Build.0 = Release|Any CPU
		{08E36715-A66A-449A-89BD-3F33141E173F}.Release|x86.ActiveCfg = Release|Any CPU
		{08E36715-A66A-449A-89BD-3F33141E173F}.Release|x86.Build.0 = Release|Any CPU
		{AF0603B8-AE60-4D12-AC4A-195C5C0B912E}.Debug|Any CPU.ActiveCfg = Debug|Any CPU
		{AF0603B8-AE60-4D12-AC4A-195C5C0B912E}.Debug|Any CPU.Build.0 = Debug|Any CPU
		{AF0603B8-AE60-4D12-AC4A-195C5C0B912E}.Debug|x64.ActiveCfg = Debug|Any CPU
		{AF0603B8-AE60-4D12-AC4A-195C5C0B912E}.Debug|x64.Build.0 = Debug|Any CPU
		{AF0603B8-AE60-4D12-AC4A-195C5C0B912E}.Debug|x86.ActiveCfg = Debug|Any CPU
		{AF0603B8-AE60-4D12-AC4A-195C5C0B912E}.Debug|x86.Build.0 = Debug|Any CPU
		{AF0603B8-AE60-4D12-AC4A-195C5C0B912E}.Release|Any CPU.ActiveCfg = Release|Any CPU
		{AF0603B8-AE60-4D12-AC4A-195C5C0B912E}.Release|Any CPU.Build.0 = Release|Any CPU
		{AF0603B8-AE60-4D12-AC4A-195C5C0B912E}.Release|x64.ActiveCfg = Release|Any CPU
		{AF0603B8-AE60-4D12-AC4A-195C5C0B912E}.Release|x64.Build.0 = Release|Any CPU
		{AF0603B8-AE60-4D12-AC4A-195C5C0B912E}.Release|x86.ActiveCfg = Release|Any CPU
		{AF0603B8-AE60-4D12-AC4A-195C5C0B912E}.Release|x86.Build.0 = Release|Any CPU
		{4F07B875-BB04-4837-9DB4-0761EF3EF600}.Debug|Any CPU.ActiveCfg = Debug|Any CPU
		{4F07B875-BB04-4837-9DB4-0761EF3EF600}.Debug|Any CPU.Build.0 = Debug|Any CPU
		{4F07B875-BB04-4837-9DB4-0761EF3EF600}.Debug|x64.ActiveCfg = Debug|Any CPU
		{4F07B875-BB04-4837-9DB4-0761EF3EF600}.Debug|x64.Build.0 = Debug|Any CPU
		{4F07B875-BB04-4837-9DB4-0761EF3EF600}.Debug|x86.ActiveCfg = Debug|Any CPU
		{4F07B875-BB04-4837-9DB4-0761EF3EF600}.Debug|x86.Build.0 = Debug|Any CPU
		{4F07B875-BB04-4837-9DB4-0761EF3EF600}.Release|Any CPU.ActiveCfg = Release|Any CPU
		{4F07B875-BB04-4837-9DB4-0761EF3EF600}.Release|Any CPU.Build.0 = Release|Any CPU
		{4F07B875-BB04-4837-9DB4-0761EF3EF600}.Release|x64.ActiveCfg = Release|Any CPU
		{4F07B875-BB04-4837-9DB4-0761EF3EF600}.Release|x64.Build.0 = Release|Any CPU
		{4F07B875-BB04-4837-9DB4-0761EF3EF600}.Release|x86.ActiveCfg = Release|Any CPU
		{4F07B875-BB04-4837-9DB4-0761EF3EF600}.Release|x86.Build.0 = Release|Any CPU
	EndGlobalSection
	GlobalSection(SolutionProperties) = preSolution
		HideSolutionNode = FALSE
	EndGlobalSection
EndGlobal
